
Microsoft Visual Studio Solution File, Format Version 12.00
# Visual Studio 2012
Project("{8BC9CEB8-8B4A-11D0-8D11-00A0C91BC942}") = "Mist", "Mist.vcxproj", "{D4C36A70-C59F-4886-A8F7-B54791E17022}"
EndProject
Global
	GlobalSection(SolutionConfigurationPlatforms) = preSolution
		Debug|Win32 = Debug|Win32
		Release|Win32 = Release|Win32
	EndGlobalSection
	GlobalSection(ProjectConfigurationPlatforms) = postSolution
		{D4C36A70-C59F-4886-A8F7-B54791E17022}.Debug|Win32.ActiveCfg = Debug|x64
		{D4C36A70-C59F-4886-A8F7-B54791E17022}.Debug|Win32.Build.0 = Debug|x64
		{D4C36A70-C59F-4886-A8F7-B54791E17022}.Debug|Win32.Deploy.0 = Debug|x64
		{D4C36A70-C59F-4886-A8F7-B54791E17022}.Release|Win32.ActiveCfg = Release|x64
		{D4C36A70-C59F-4886-A8F7-B54791E17022}.Release|Win32.Build.0 = Release|x64
		{D4C36A70-C59F-4886-A8F7-B54791E17022}.Release|Win32.Deploy.0 = Release|x64
	EndGlobalSection
	GlobalSection(SolutionProperties) = preSolution
		HideSolutionNode = FALSE
	EndGlobalSection
EndGlobal
