<?xml version="1.0" encoding="utf-8"?>
<Project ToolsVersion="4.0" xmlns="http://schemas.microsoft.com/developer/msbuild/2003">
  <ItemGroup>
    <Filter Include="Source Files">
      <UniqueIdentifier>{4FC737F1-C7A5-4376-A066-2A32D752A2FF}</UniqueIdentifier>
      <Extensions>cpp;c;cc;cxx;def;odl;idl;hpj;bat;asm;asmx</Extensions>
    </Filter>
    <Filter Include="Header Files">
      <UniqueIdentifier>{93995380-89BD-4b04-88EB-625FBE52EBFB}</UniqueIdentifier>
      <Extensions>h;hpp;hxx;hm;inl;inc;xsd</Extensions>
    </Filter>
    <Filter Include="Resource Files">
      <UniqueIdentifier>{67DA6AB6-F800-4c08-8B7A-83BB121AAD01}</UniqueIdentifier>
      <Extensions>rc;ico;cur;bmp;dlg;rc2;rct;bin;rgs;gif;jpg;jpeg;jpe;resx;tiff;tif;png;wav;mfcribbon-ms</Extensions>
    </Filter>
    <Filter Include="Source Files\Exceptions">
      <UniqueIdentifier>{9c555c69-24df-477b-821e-76c186dd291d}</UniqueIdentifier>
    </Filter>
    <Filter Include="Header Files\Exceptions">
      <UniqueIdentifier>{fdf0a15e-c65f-4f6e-87dc-9aedc09bc95c}</UniqueIdentifier>
    </Filter>
    <Filter Include="Header Files\DBHook">
      <UniqueIdentifier>{d0b3a336-e833-4316-99c5-46679b82088e}</UniqueIdentifier>
    </Filter>
    <Filter Include="Source Files\DBHook">
      <UniqueIdentifier>{f34f3df3-1909-40b8-8541-1c059f84757b}</UniqueIdentifier>
    </Filter>
  </ItemGroup>
  <ItemGroup>
    <ClInclude Include="inc\Constants.h">
      <Filter>Header Files</Filter>
    </ClInclude>
    <ClInclude Include="inc\ETCalc.h">
      <Filter>Header Files</Filter>
    </ClInclude>
    <ClInclude Include="inc\LawnGenerator.h">
      <Filter>Header Files</Filter>
    </ClInclude>
    <ClInclude Include="inc\PerlinNoiseGen.h">
      <Filter>Header Files</Filter>
    </ClInclude>
    <ClInclude Include="inc\Precompiled.h">
      <Filter>Header Files</Filter>
    </ClInclude>
    <ClInclude Include="inc\SimOptions.h">
      <Filter>Header Files</Filter>
    </ClInclude>
    <ClInclude Include="inc\Simulator.h">
      <Filter>Header Files</Filter>
    </ClInclude>
    <ClInclude Include="inc\Sprinkler.h">
      <Filter>Header Files</Filter>
    </ClInclude>
    <ClInclude Include="inc\Yard.h">
      <Filter>Header Files</Filter>
    </ClInclude>
    <ClInclude Include="inc\YardCell.h">
      <Filter>Header Files</Filter>
    </ClInclude>
    <ClInclude Include="inc\YardCellInfo.h">
      <Filter>Header Files</Filter>
    </ClInclude>
    <ClInclude Include="inc\YardInfo.h">
      <Filter>Header Files</Filter>
    </ClInclude>
    <ClInclude Include="inc\DBHook.h">
      <Filter>Header Files\DBHook</Filter>
    </ClInclude>
    <ClInclude Include="inc\LawnSimStd.h">
      <Filter>Header Files</Filter>
    </ClInclude>
    <ClInclude Include="inc\DriftEntry.h">
      <Filter>Header Files</Filter>
    </ClInclude>
  </ItemGroup>
  <ItemGroup>
    <ClCompile Include="src\Constants.cpp">
      <Filter>Source Files</Filter>
    </ClCompile>
    <ClCompile Include="src\ETCalc.cpp">
      <Filter>Source Files</Filter>
    </ClCompile>
    <ClCompile Include="src\LawnGenerator.cpp">
      <Filter>Source Files</Filter>
    </ClCompile>
    <ClCompile Include="src\main.cpp">
      <Filter>Source Files</Filter>
    </ClCompile>
    <ClCompile Include="src\PerlinNoiseGenerator.cpp">
      <Filter>Source Files</Filter>
    </ClCompile>
    <ClCompile Include="src\SimOptions.cpp">
      <Filter>Source Files</Filter>
    </ClCompile>
    <ClCompile Include="src\Simulator.cpp">
      <Filter>Source Files</Filter>
    </ClCompile>
    <ClCompile Include="src\Sprinkler.cpp">
      <Filter>Source Files</Filter>
    </ClCompile>
    <ClCompile Include="src\Yard.cpp">
      <Filter>Source Files</Filter>
    </ClCompile>
    <ClCompile Include="src\YardCell.cpp">
      <Filter>Source Files</Filter>
    </ClCompile>
  </ItemGroup>
</Project>